<?xml version="1.0" encoding="utf-8"?>
<Project ToolsVersion="4.0" xmlns="http://schemas.microsoft.com/developer/msbuild/2003">
  <ItemGroup>
    <Filter Include="源文件">
      <UniqueIdentifier>{4FC737F1-C7A5-4376-A066-2A32D752A2FF}</UniqueIdentifier>
      <Extensions>cpp;c;cc;cxx;c++;cppm;ixx;def;odl;idl;hpj;bat;asm;asmx</Extensions>
    </Filter>
    <Filter Include="头文件">
      <UniqueIdentifier>{93995380-89BD-4b04-88EB-625FBE52EBFB}</UniqueIdentifier>
      <Extensions>h;hh;hpp;hxx;h++;hm;inl;inc;ipp;xsd</Extensions>
    </Filter>
    <Filter Include="资源文件">
      <UniqueIdentifier>{67DA6AB6-F800-4c08-8B7A-83BB121AAD01}</UniqueIdentifier>
      <Extensions>rc;ico;cur;bmp;dlg;rc2;rct;bin;rgs;gif;jpg;jpeg;jpe;resx;tiff;tif;png;wav;mfcribbon-ms</Extensions>
    </Filter>
  </ItemGroup>
  <ItemGroup>
    <ClCompile Include="Helloworld.cpp">
      <Filter>源文件</Filter>
    </ClCompile>
    <ClCompile Include="宏常量.cpp">
      <Filter>源文件</Filter>
    </ClCompile>
    <ClCompile Include="2.0标识符命名规则.cpp">
      <Filter>源文件</Filter>
    </ClCompile>
    <ClCompile Include="2.1整型.cpp">
      <Filter>源文件</Filter>
    </ClCompile>
    <ClCompile Include="2.2sizeof关键字.cpp">
      <Filter>源文件</Filter>
    </ClCompile>
    <ClCompile Include="2.3浮点型（实型）.cpp">
      <Filter>源文件</Filter>
    </ClCompile>
    <ClCompile Include="2.4字符型.cpp">
      <Filter>源文件</Filter>
    </ClCompile>
    <ClCompile Include="2.5转义字符.cpp">
      <Filter>源文件</Filter>
    </ClCompile>
    <ClCompile Include="2.6字符串型.cpp">
      <Filter>源文件</Filter>
    </ClCompile>
    <ClCompile Include="2.7布尔类型.cpp">
      <Filter>源文件</Filter>
    </ClCompile>
    <ClCompile Include="2.8数据输入.cpp">
      <Filter>源文件</Filter>
    </ClCompile>
    <ClCompile Include="3.0运算符-加减乘除.cpp">
      <Filter>源文件</Filter>
    </ClCompile>
    <ClCompile Include="3.1取模运算.cpp">
      <Filter>源文件</Filter>
    </ClCompile>
    <ClCompile Include="3.2递增递减运算符.cpp">
      <Filter>源文件</Filter>
    </ClCompile>
    <ClCompile Include="3.3赋值.cpp">
      <Filter>源文件</Filter>
    </ClCompile>
    <ClCompile Include="3.4比较运算符.cpp">
      <Filter>源文件</Filter>
    </ClCompile>
    <ClCompile Include="3.5逻辑运算符.cpp">
      <Filter>源文件</Filter>
    </ClCompile>
    <ClCompile Include="4.0选择型结构if单行.cpp">
      <Filter>源文件</Filter>
    </ClCompile>
    <ClCompile Include="4.1选择性结构if多行.cpp">
      <Filter>源文件</Filter>
    </ClCompile>
    <ClCompile Include="4.2选择结构if多条件语句.cpp">
      <Filter>源文件</Filter>
    </ClCompile>
    <ClCompile Include="4.3三只小猪称体重.cpp">
      <Filter>源文件</Filter>
    </ClCompile>
    <ClCompile Include="4.4三目运算符.cpp">
      <Filter>源文件</Filter>
    </ClCompile>
    <ClCompile Include="4.5switch语句.cpp">
      <Filter>源文件</Filter>
    </ClCompile>
    <ClCompile Include="4.6循环结构.cpp">
      <Filter>源文件</Filter>
    </ClCompile>
    <ClCompile Include="4..6.2猜字游戏.cpp">
      <Filter>源文件</Filter>
    </ClCompile>
    <ClCompile Include="4.6.1dowhile.cpp">
      <Filter>源文件</Filter>
    </ClCompile>
    <ClCompile Include="4.6.3练习水仙花数.cpp">
      <Filter>源文件</Filter>
    </ClCompile>
    <ClCompile Include="4.6.4.for循环.cpp">
      <Filter>源文件</Filter>
    </ClCompile>
    <ClCompile Include="4.6.5敲桌子练习.cpp">
      <Filter>源文件</Filter>
    </ClCompile>
    <ClCompile Include="4.6.6嵌套循环.cpp">
      <Filter>源文件</Filter>
    </ClCompile>
    <ClCompile Include="4.6.7乘法口诀表练习.cpp">
      <Filter>源文件</Filter>
    </ClCompile>
    <ClCompile Include="4.7跳转语句.cpp">
      <Filter>源文件</Filter>
    </ClCompile>
    <ClCompile Include="4.7.1continue语句.cpp">
      <Filter>源文件</Filter>
    </ClCompile>
    <ClCompile Include="4.7.2.cpp">
      <Filter>源文件</Filter>
    </ClCompile>
    <ClCompile Include="5.0数组定义方式.cpp">
      <Filter>源文件</Filter>
    </ClCompile>
    <ClCompile Include="5.1一维数组-数组名.cpp">
      <Filter>源文件</Filter>
    </ClCompile>
    <ClCompile Include="5.1.1数组练习.cpp">
      <Filter>源文件</Filter>
    </ClCompile>
    <ClCompile Include="5.1.2冒泡排序.cpp">
      <Filter>源文件</Filter>
    </ClCompile>
    <ClCompile Include="5.2二维数组定义.cpp">
      <Filter>源文件</Filter>
    </ClCompile>
    <ClCompile Include="5.2.1二维数组名.cpp">
      <Filter>源文件</Filter>
    </ClCompile>
    <ClCompile Include="5.2.2考试成绩练习.cpp">
      <Filter>源文件</Filter>
    </ClCompile>
    <ClCompile Include="6.0函数.cpp">
      <Filter>源文件</Filter>
    </ClCompile>
    <ClCompile Include="6.1函数调用.cpp">
      <Filter>源文件</Filter>
    </ClCompile>
    <ClCompile Include="6.2值传递.cpp">
      <Filter>源文件</Filter>
    </ClCompile>
    <ClCompile Include="6.3函数常见样式.cpp">
      <Filter>源文件</Filter>
    </ClCompile>
    <ClCompile Include="6.4函数声明.cpp">
      <Filter>源文件</Filter>
    </ClCompile>
    <ClCompile Include="6.5函数的分文件编写.cpp">
      <Filter>源文件</Filter>
    </ClCompile>
    <ClCompile Include="swap.cpp">
      <Filter>源文件</Filter>
    </ClCompile>
    <ClCompile Include="7.指针定义.cpp">
      <Filter>源文件</Filter>
    </ClCompile>
    <ClCompile Include="7.1指针所占用内存空间大小.cpp">
      <Filter>源文件</Filter>
    </ClCompile>
    <ClCompile Include="7.2空指针和野指针.cpp">
      <Filter>源文件</Filter>
    </ClCompile>
    <ClCompile Include="7.3const修饰指针.cpp">
      <Filter>源文件</Filter>
    </ClCompile>
    <ClCompile Include="7.4指针和数组.cpp">
      <Filter>源文件</Filter>
    </ClCompile>
    <ClCompile Include="7.5指针和函数.cpp">
      <Filter>源文件</Filter>
    </ClCompile>
    <ClCompile Include="7.6指针配合数组和函数案例.cpp">
      <Filter>源文件</Filter>
    </ClCompile>
    <ClCompile Include="8.0结构体定义.cpp">
      <Filter>源文件</Filter>
    </ClCompile>
    <ClCompile Include="8.1结构体数组.cpp">
      <Filter>源文件</Filter>
    </ClCompile>
    <ClCompile Include="8.2结构体和指针.cpp">
      <Filter>源文件</Filter>
    </ClCompile>
    <ClCompile Include="8.3结构体嵌套.cpp">
      <Filter>源文件</Filter>
    </ClCompile>
    <ClCompile Include="8.4结构体做值传递.cpp">
      <Filter>源文件</Filter>
    </ClCompile>
    <ClCompile Include="8.5结构体做函数参数.cpp">
      <Filter>源文件</Filter>
    </ClCompile>
    <ClCompile Include="8.6三个老师带五个学生的故事.cpp">
      <Filter>源文件</Filter>
    </ClCompile>
    <ClCompile Include="8.7结构体案例2.cpp">
      <Filter>源文件</Filter>
    </ClCompile>
  </ItemGroup>
  <ItemGroup>
    <ClInclude Include="swap.h">
      <Filter>头文件</Filter>
    </ClInclude>
  </ItemGroup>
</Project>